
Microsoft Visual Studio Solution File, Format Version 12.00
Project("{FAE04EC0-301F-11D3-BF4B-00C04F79EFBC}") = "SingleSignOn", "SingleSignOn\SingleSignOn.csproj", "{8194C2F5-890E-4296-9B31-EAD052B98DAB}"
EndProject
Project("{FAE04EC0-301F-11D3-BF4B-00C04F79EFBC}") = "SingleSignOn.DataAccess", "SingleSignOn.DataAccess\SingleSignOn.DataAccess.csproj", "{10098413-9194-4D4A-AB5E-2ED9BBAF7359}"
EndProject
Global
	GlobalSection(SolutionConfigurationPlatforms) = preSolution
		Debug|Any CPU = Debug|Any CPU
		Release|Any CPU = Release|Any CPU
	EndGlobalSection
	GlobalSection(ProjectConfigurationPlatforms) = postSolution
		{8194C2F5-890E-4296-9B31-EAD052B98DAB}.Debug|Any CPU.ActiveCfg = Debug|Any CPU
		{8194C2F5-890E-4296-9B31-EAD052B98DAB}.Debug|Any CPU.Build.0 = Debug|Any CPU
		{8194C2F5-890E-4296-9B31-EAD052B98DAB}.Release|Any CPU.ActiveCfg = Release|Any CPU
		{8194C2F5-890E-4296-9B31-EAD052B98DAB}.Release|Any CPU.Build.0 = Release|Any CPU
		{10098413-9194-4D4A-AB5E-2ED9BBAF7359}.Debug|Any CPU.ActiveCfg = Debug|Any CPU
		{10098413-9194-4D4A-AB5E-2ED9BBAF7359}.Debug|Any CPU.Build.0 = Debug|Any CPU
		{10098413-9194-4D4A-AB5E-2ED9BBAF7359}.Release|Any CPU.ActiveCfg = Release|Any CPU
		{10098413-9194-4D4A-AB5E-2ED9BBAF7359}.Release|Any CPU.Build.0 = Release|Any CPU
	EndGlobalSection
EndGlobal
